
Microsoft Visual Studio Solution File, Format Version 12.00
# Visual Studio Version 17
VisualStudioVersion = 17.0.32112.339
MinimumVisualStudioVersion = 10.0.40219.1
Project("{FAE04EC0-301F-11D3-BF4B-00C04F79EFBC}") = "QuizConsole", "QuizConsole\QuizConsole.csproj", "{B542D57B-6B8D-4154-9FE7-12B628754189}"
EndProject
Global
	GlobalSection(SolutionConfigurationPlatforms) = preSolution
		Debug|Any CPU = Debug|Any CPU
		Release|Any CPU = Release|Any CPU
	EndGlobalSection
	GlobalSection(ProjectConfigurationPlatforms) = postSolution
		{B542D57B-6B8D-4154-9FE7-12B628754189}.Debug|Any CPU.ActiveCfg = Debug|Any CPU
		{B542D57B-6B8D-4154-9FE7-12B628754189}.Debug|Any CPU.Build.0 = Debug|Any CPU
		{B542D57B-6B8D-4154-9FE7-12B628754189}.Release|Any CPU.ActiveCfg = Release|Any CPU
		{B542D57B-6B8D-4154-9FE7-12B628754189}.Release|Any CPU.Build.0 = Release|Any CPU
	EndGlobalSection
	GlobalSection(SolutionProperties) = preSolution
		HideSolutionNode = FALSE
	EndGlobalSection
	GlobalSection(ExtensibilityGlobals) = postSolution
		SolutionGuid = {1247D485-253B-4A3B-89F3-84657649B7B0}
	EndGlobalSection
EndGlobal
